Microsoft Visual Studio Solution File, Format Version 12.00
# Visual Studio Version 17
VisualStudioVersion = 17.5.2.0
MinimumVisualStudioVersion = 10.0.40219.1
Project("{FAE04EC0-301F-11D3-BF4B-00C04F79EFBC}") = "DDHSTORE", "DDHSTORE.csproj", "{2DE12557-9AE4-26D8-00D3-6C96AD415343}"
EndProject
Global
	GlobalSection(SolutionConfigurationPlatforms) = preSolution
		Debug|Any CPU = Debug|Any CPU
		Release|Any CPU = Release|Any CPU
	EndGlobalSection
	GlobalSection(ProjectConfigurationPlatforms) = postSolution
		{2DE12557-9AE4-26D8-00D3-6C96AD415343}.Debug|Any CPU.ActiveCfg = Debug|Any CPU
		{2DE12557-9AE4-26D8-00D3-6C96AD415343}.Debug|Any CPU.Build.0 = Debug|Any CPU
		{2DE12557-9AE4-26D8-00D3-6C96AD415343}.Release|Any CPU.ActiveCfg = Release|Any CPU
		{2DE12557-9AE4-26D8-00D3-6C96AD415343}.Release|Any CPU.Build.0 = Release|Any CPU
	EndGlobalSection
	GlobalSection(SolutionProperties) = preSolution
		HideSolutionNode = FALSE
	EndGlobalSection
	GlobalSection(ExtensibilityGlobals) = postSolution
		SolutionGuid = {08DA4D9A-7614-4BC9-8FE5-0F5DCA04F014}
	EndGlobalSection
EndGlobal
